
Microsoft Visual Studio Solution File, Format Version 12.00
# Visual Studio Version 17
VisualStudioVersion = 17.8.34408.163
MinimumVisualStudioVersion = 10.0.40219.1
Project("{FAE04EC0-301F-11D3-BF4B-00C04F79EFBC}") = "MyWebSyite", "MyWebSyite.csproj", "{5B5E87BA-004D-423B-A2CC-F2789454ECE0}"
EndProject
Global
	GlobalSection(SolutionConfigurationPlatforms) = preSolution
		Debug|Any CPU = Debug|Any CPU
		Release|Any CPU = Release|Any CPU
	EndGlobalSection
	GlobalSection(ProjectConfigurationPlatforms) = postSolution
		{5B5E87BA-004D-423B-A2CC-F2789454ECE0}.Debug|Any CPU.ActiveCfg = Debug|Any CPU
		{5B5E87BA-004D-423B-A2CC-F2789454ECE0}.Debug|Any CPU.Build.0 = Debug|Any CPU
		{5B5E87BA-004D-423B-A2CC-F2789454ECE0}.Release|Any CPU.ActiveCfg = Release|Any CPU
		{5B5E87BA-004D-423B-A2CC-F2789454ECE0}.Release|Any CPU.Build.0 = Release|Any CPU
	EndGlobalSection
	GlobalSection(SolutionProperties) = preSolution
		HideSolutionNode = FALSE
	EndGlobalSection
	GlobalSection(ExtensibilityGlobals) = postSolution
		SolutionGuid = {0FA4BA0D-F05E-4CFF-B698-2CF85BE5E721}
	EndGlobalSection
EndGlobal
